
Microsoft Visual Studio Solution File, Format Version 12.00
# Visual Studio Version 17
VisualStudioVersion = 17.1.32228.430
MinimumVisualStudioVersion = 10.0.40219.1
Project("{9A19103F-16F7-4668-BE54-9A1E7A4F7556}") = "EjemploSQLClient01", "EjemploSQLClient01\EjemploSQLClient01.csproj", "{D5664B4A-7B03-4C20-9FB2-FE236556C94A}"
EndProject
Project("{9A19103F-16F7-4668-BE54-9A1E7A4F7556}") = "winSQLClient", "winSQLClient\winSQLClient.csproj", "{01AC4EF0-2997-4F4D-83E2-E00B6B9E3879}"
EndProject
Project("{9A19103F-16F7-4668-BE54-9A1E7A4F7556}") = "NorthwindEF", "NorthwindEF\NorthwindEF.csproj", "{E96F49E6-8A9C-4990-B07B-E625D3C939B7}"
EndProject
Project("{9A19103F-16F7-4668-BE54-9A1E7A4F7556}") = "winNorthwindEF", "winNorthwindEF\winNorthwindEF.csproj", "{02E0CA54-6F1E-4264-9029-41C5FFD3CB44}"
EndProject
Project("{9A19103F-16F7-4668-BE54-9A1E7A4F7556}") = "SchoolEF", "SchoolEF\SchoolEF.csproj", "{DFF1FB10-5138-444D-9F69-F3A7520AC39C}"
EndProject
Project("{9A19103F-16F7-4668-BE54-9A1E7A4F7556}") = "EjemploTransaccion", "EjemploTransaccion\EjemploTransaccion.csproj", "{34D59502-7A2A-4BBE-AA40-30EE44DA2855}"
EndProject
Project("{9A19103F-16F7-4668-BE54-9A1E7A4F7556}") = "EjemploTransaccion02", "EjemploTransaccion02\EjemploTransaccion02.csproj", "{6048B4A8-4C1F-459C-B1B4-D89FA0B60CBE}"
EndProject
Project("{FAE04EC0-301F-11D3-BF4B-00C04F79EFBC}") = "DataLibrary", "DataLibrary\DataLibrary.csproj", "{BC2A140C-EF82-4CCB-9665-1839235D83C1}"
EndProject
Project("{FAE04EC0-301F-11D3-BF4B-00C04F79EFBC}") = "IsolatorLevels", "IsolatorLevels\IsolatorLevels.csproj", "{7E9BF27D-29F5-45DA-9C8C-0EE9F3875B14}"
EndProject
Global
	GlobalSection(SolutionConfigurationPlatforms) = preSolution
		Debug|Any CPU = Debug|Any CPU
		Release|Any CPU = Release|Any CPU
	EndGlobalSection
	GlobalSection(ProjectConfigurationPlatforms) = postSolution
		{D5664B4A-7B03-4C20-9FB2-FE236556C94A}.Debug|Any CPU.ActiveCfg = Debug|Any CPU
		{D5664B4A-7B03-4C20-9FB2-FE236556C94A}.Debug|Any CPU.Build.0 = Debug|Any CPU
		{D5664B4A-7B03-4C20-9FB2-FE236556C94A}.Release|Any CPU.ActiveCfg = Release|Any CPU
		{D5664B4A-7B03-4C20-9FB2-FE236556C94A}.Release|Any CPU.Build.0 = Release|Any CPU
		{01AC4EF0-2997-4F4D-83E2-E00B6B9E3879}.Debug|Any CPU.ActiveCfg = Debug|Any CPU
		{01AC4EF0-2997-4F4D-83E2-E00B6B9E3879}.Debug|Any CPU.Build.0 = Debug|Any CPU
		{01AC4EF0-2997-4F4D-83E2-E00B6B9E3879}.Release|Any CPU.ActiveCfg = Release|Any CPU
		{01AC4EF0-2997-4F4D-83E2-E00B6B9E3879}.Release|Any CPU.Build.0 = Release|Any CPU
		{E96F49E6-8A9C-4990-B07B-E625D3C939B7}.Debug|Any CPU.ActiveCfg = Debug|Any CPU
		{E96F49E6-8A9C-4990-B07B-E625D3C939B7}.Debug|Any CPU.Build.0 = Debug|Any CPU
		{E96F49E6-8A9C-4990-B07B-E625D3C939B7}.Release|Any CPU.ActiveCfg = Release|Any CPU
		{E96F49E6-8A9C-4990-B07B-E625D3C939B7}.Release|Any CPU.Build.0 = Release|Any CPU
		{02E0CA54-6F1E-4264-9029-41C5FFD3CB44}.Debug|Any CPU.ActiveCfg = Debug|Any CPU
		{02E0CA54-6F1E-4264-9029-41C5FFD3CB44}.Debug|Any CPU.Build.0 = Debug|Any CPU
		{02E0CA54-6F1E-4264-9029-41C5FFD3CB44}.Release|Any CPU.ActiveCfg = Release|Any CPU
		{02E0CA54-6F1E-4264-9029-41C5FFD3CB44}.Release|Any CPU.Build.0 = Release|Any CPU
		{DFF1FB10-5138-444D-9F69-F3A7520AC39C}.Debug|Any CPU.ActiveCfg = Debug|Any CPU
		{DFF1FB10-5138-444D-9F69-F3A7520AC39C}.Debug|Any CPU.Build.0 = Debug|Any CPU
		{DFF1FB10-5138-444D-9F69-F3A7520AC39C}.Release|Any CPU.ActiveCfg = Release|Any CPU
		{DFF1FB10-5138-444D-9F69-F3A7520AC39C}.Release|Any CPU.Build.0 = Release|Any CPU
		{34D59502-7A2A-4BBE-AA40-30EE44DA2855}.Debug|Any CPU.ActiveCfg = Debug|Any CPU
		{34D59502-7A2A-4BBE-AA40-30EE44DA2855}.Debug|Any CPU.Build.0 = Debug|Any CPU
		{34D59502-7A2A-4BBE-AA40-30EE44DA2855}.Release|Any CPU.ActiveCfg = Release|Any CPU
		{34D59502-7A2A-4BBE-AA40-30EE44DA2855}.Release|Any CPU.Build.0 = Release|Any CPU
		{6048B4A8-4C1F-459C-B1B4-D89FA0B60CBE}.Debug|Any CPU.ActiveCfg = Debug|Any CPU
		{6048B4A8-4C1F-459C-B1B4-D89FA0B60CBE}.Debug|Any CPU.Build.0 = Debug|Any CPU
		{6048B4A8-4C1F-459C-B1B4-D89FA0B60CBE}.Release|Any CPU.ActiveCfg = Release|Any CPU
		{6048B4A8-4C1F-459C-B1B4-D89FA0B60CBE}.Release|Any CPU.Build.0 = Release|Any CPU
		{BC2A140C-EF82-4CCB-9665-1839235D83C1}.Debug|Any CPU.ActiveCfg = Debug|Any CPU
		{BC2A140C-EF82-4CCB-9665-1839235D83C1}.Debug|Any CPU.Build.0 = Debug|Any CPU
		{BC2A140C-EF82-4CCB-9665-1839235D83C1}.Release|Any CPU.ActiveCfg = Release|Any CPU
		{BC2A140C-EF82-4CCB-9665-1839235D83C1}.Release|Any CPU.Build.0 = Release|Any CPU
		{7E9BF27D-29F5-45DA-9C8C-0EE9F3875B14}.Debug|Any CPU.ActiveCfg = Debug|Any CPU
		{7E9BF27D-29F5-45DA-9C8C-0EE9F3875B14}.Debug|Any CPU.Build.0 = Debug|Any CPU
		{7E9BF27D-29F5-45DA-9C8C-0EE9F3875B14}.Release|Any CPU.ActiveCfg = Release|Any CPU
		{7E9BF27D-29F5-45DA-9C8C-0EE9F3875B14}.Release|Any CPU.Build.0 = Release|Any CPU
	EndGlobalSection
	GlobalSection(SolutionProperties) = preSolution
		HideSolutionNode = FALSE
	EndGlobalSection
	GlobalSection(ExtensibilityGlobals) = postSolution
		SolutionGuid = {6DF7E213-1C8F-489E-BE90-885D75E688C0}
	EndGlobalSection
EndGlobal
