
Microsoft Visual Studio Solution File, Format Version 12.00
# Visual Studio Version 17
VisualStudioVersion = 17.13.35919.96
MinimumVisualStudioVersion = 10.0.40219.1
Project("{9A19103F-16F7-4668-BE54-9A1E7A4F7556}") = "EjemploAdoNet01", "EjemploAdoNet01\EjemploAdoNet01.csproj", "{2ED13CAE-D733-4FF7-8B31-16A4A34F6515}"
EndProject
Project("{9A19103F-16F7-4668-BE54-9A1E7A4F7556}") = "Agenda", "Agenda\Agenda.csproj", "{7AE9E0E4-07F5-42EA-802E-E138181339CD}"
EndProject
Project("{9A19103F-16F7-4668-BE54-9A1E7A4F7556}") = "DataAdapterApp", "DataAdapterApp\DataAdapterApp.csproj", "{BF1E45DD-344A-4966-92B1-AEA2954B8F0E}"
EndProject
Project("{9A19103F-16F7-4668-BE54-9A1E7A4F7556}") = "EjemploEF01", "EjemploEF01\EjemploEF01.csproj", "{EB4B1A16-D2AC-4DD4-9C0F-F47F5A444476}"
EndProject
Project("{9A19103F-16F7-4668-BE54-9A1E7A4F7556}") = "EjemploEF02", "EjemploEF02\EjemploEF02.csproj", "{7AE99DF5-BF52-4D59-A8FB-933BB1314F1D}"
EndProject
Project("{9A19103F-16F7-4668-BE54-9A1E7A4F7556}") = "EjemploTransacciones01", "EjemploTransacciones01\EjemploTransacciones01.csproj", "{F51A7EFC-9298-4F33-B7E2-F92173E97A72}"
EndProject
Global
	GlobalSection(SolutionConfigurationPlatforms) = preSolution
		Debug|Any CPU = Debug|Any CPU
		Release|Any CPU = Release|Any CPU
	EndGlobalSection
	GlobalSection(ProjectConfigurationPlatforms) = postSolution
		{2ED13CAE-D733-4FF7-8B31-16A4A34F6515}.Debug|Any CPU.ActiveCfg = Debug|Any CPU
		{2ED13CAE-D733-4FF7-8B31-16A4A34F6515}.Debug|Any CPU.Build.0 = Debug|Any CPU
		{2ED13CAE-D733-4FF7-8B31-16A4A34F6515}.Release|Any CPU.ActiveCfg = Release|Any CPU
		{2ED13CAE-D733-4FF7-8B31-16A4A34F6515}.Release|Any CPU.Build.0 = Release|Any CPU
		{7AE9E0E4-07F5-42EA-802E-E138181339CD}.Debug|Any CPU.ActiveCfg = Debug|Any CPU
		{7AE9E0E4-07F5-42EA-802E-E138181339CD}.Debug|Any CPU.Build.0 = Debug|Any CPU
		{7AE9E0E4-07F5-42EA-802E-E138181339CD}.Release|Any CPU.ActiveCfg = Release|Any CPU
		{7AE9E0E4-07F5-42EA-802E-E138181339CD}.Release|Any CPU.Build.0 = Release|Any CPU
		{BF1E45DD-344A-4966-92B1-AEA2954B8F0E}.Debug|Any CPU.ActiveCfg = Debug|Any CPU
		{BF1E45DD-344A-4966-92B1-AEA2954B8F0E}.Debug|Any CPU.Build.0 = Debug|Any CPU
		{BF1E45DD-344A-4966-92B1-AEA2954B8F0E}.Release|Any CPU.ActiveCfg = Release|Any CPU
		{BF1E45DD-344A-4966-92B1-AEA2954B8F0E}.Release|Any CPU.Build.0 = Release|Any CPU
		{EB4B1A16-D2AC-4DD4-9C0F-F47F5A444476}.Debug|Any CPU.ActiveCfg = Debug|Any CPU
		{EB4B1A16-D2AC-4DD4-9C0F-F47F5A444476}.Debug|Any CPU.Build.0 = Debug|Any CPU
		{EB4B1A16-D2AC-4DD4-9C0F-F47F5A444476}.Release|Any CPU.ActiveCfg = Release|Any CPU
		{EB4B1A16-D2AC-4DD4-9C0F-F47F5A444476}.Release|Any CPU.Build.0 = Release|Any CPU
		{7AE99DF5-BF52-4D59-A8FB-933BB1314F1D}.Debug|Any CPU.ActiveCfg = Debug|Any CPU
		{7AE99DF5-BF52-4D59-A8FB-933BB1314F1D}.Debug|Any CPU.Build.0 = Debug|Any CPU
		{7AE99DF5-BF52-4D59-A8FB-933BB1314F1D}.Release|Any CPU.ActiveCfg = Release|Any CPU
		{7AE99DF5-BF52-4D59-A8FB-933BB1314F1D}.Release|Any CPU.Build.0 = Release|Any CPU
		{F51A7EFC-9298-4F33-B7E2-F92173E97A72}.Debug|Any CPU.ActiveCfg = Debug|Any CPU
		{F51A7EFC-9298-4F33-B7E2-F92173E97A72}.Debug|Any CPU.Build.0 = Debug|Any CPU
		{F51A7EFC-9298-4F33-B7E2-F92173E97A72}.Release|Any CPU.ActiveCfg = Release|Any CPU
		{F51A7EFC-9298-4F33-B7E2-F92173E97A72}.Release|Any CPU.Build.0 = Release|Any CPU
	EndGlobalSection
	GlobalSection(SolutionProperties) = preSolution
		HideSolutionNode = FALSE
	EndGlobalSection
	GlobalSection(ExtensibilityGlobals) = postSolution
		SolutionGuid = {33D1ADB6-0209-47DB-8F1A-9E6FCDE69DB1}
	EndGlobalSection
EndGlobal
