
Microsoft Visual Studio Solution File, Format Version 12.00
# Visual Studio Version 17
VisualStudioVersion = 17.13.35919.96
MinimumVisualStudioVersion = 10.0.40219.1
Project("{FAE04EC0-301F-11D3-BF4B-00C04F79EFBC}") = "EjemploAdoNet", "EjemploAdoNet\EjemploAdoNet.csproj", "{EA84CF5F-B097-BED6-F038-5F48FEFDED26}"
EndProject
Project("{FAE04EC0-301F-11D3-BF4B-00C04F79EFBC}") = "Agenda", "Agenda\Agenda.csproj", "{6BC258E3-DAFD-065E-862D-B7C5B759D9A9}"
EndProject
Project("{FAE04EC0-301F-11D3-BF4B-00C04F79EFBC}") = "DataAdapterApp", "DataAdapterApp\DataAdapterApp.csproj", "{AD76E4EF-7CDF-442D-B815-98319C751265}"
EndProject
Project("{FAE04EC0-301F-11D3-BF4B-00C04F79EFBC}") = "EjemploEF01", "EjemploEF01\EjemploEF01.csproj", "{917CB92D-1F51-908F-F422-B83910BC34A9}"
EndProject
Project("{FAE04EC0-301F-11D3-BF4B-00C04F79EFBC}") = "EjemploEF02", "EjemploEF02\EjemploEF02.csproj", "{C6E24541-0D0F-E0DB-69CC-7113393DF9EF}"
EndProject
Project("{FAE04EC0-301F-11D3-BF4B-00C04F79EFBC}") = "EjemploTransacciones01", "EjemploTransacciones01\EjemploTransacciones01.csproj", "{1302FF90-2AB3-42E7-8363-97BBAE9CBA62}"
EndProject
Project("{FAE04EC0-301F-11D3-BF4B-00C04F79EFBC}") = "EjemploTransacciones02", "EjemploTransacciones02\EjemploTransacciones02.csproj", "{D4EEA65C-0EA7-46E8-B619-F76A6887A653}"
EndProject
Project("{FAE04EC0-301F-11D3-BF4B-00C04F79EFBC}") = "EjemploTransacciones03", "EjemploTransacciones03\EjemploTransacciones03.csproj", "{9A8E63EC-34A9-46CC-90EB-2860F67BE4B3}"
EndProject
Global
	GlobalSection(SolutionConfigurationPlatforms) = preSolution
		Debug|Any CPU = Debug|Any CPU
		Release|Any CPU = Release|Any CPU
	EndGlobalSection
	GlobalSection(ProjectConfigurationPlatforms) = postSolution
		{EA84CF5F-B097-BED6-F038-5F48FEFDED26}.Debug|Any CPU.ActiveCfg = Debug|Any CPU
		{EA84CF5F-B097-BED6-F038-5F48FEFDED26}.Debug|Any CPU.Build.0 = Debug|Any CPU
		{EA84CF5F-B097-BED6-F038-5F48FEFDED26}.Release|Any CPU.ActiveCfg = Release|Any CPU
		{EA84CF5F-B097-BED6-F038-5F48FEFDED26}.Release|Any CPU.Build.0 = Release|Any CPU
		{6BC258E3-DAFD-065E-862D-B7C5B759D9A9}.Debug|Any CPU.ActiveCfg = Debug|Any CPU
		{6BC258E3-DAFD-065E-862D-B7C5B759D9A9}.Debug|Any CPU.Build.0 = Debug|Any CPU
		{6BC258E3-DAFD-065E-862D-B7C5B759D9A9}.Release|Any CPU.ActiveCfg = Release|Any CPU
		{6BC258E3-DAFD-065E-862D-B7C5B759D9A9}.Release|Any CPU.Build.0 = Release|Any CPU
		{AD76E4EF-7CDF-442D-B815-98319C751265}.Debug|Any CPU.ActiveCfg = Debug|Any CPU
		{AD76E4EF-7CDF-442D-B815-98319C751265}.Debug|Any CPU.Build.0 = Debug|Any CPU
		{AD76E4EF-7CDF-442D-B815-98319C751265}.Release|Any CPU.ActiveCfg = Release|Any CPU
		{AD76E4EF-7CDF-442D-B815-98319C751265}.Release|Any CPU.Build.0 = Release|Any CPU
		{917CB92D-1F51-908F-F422-B83910BC34A9}.Debug|Any CPU.ActiveCfg = Debug|Any CPU
		{917CB92D-1F51-908F-F422-B83910BC34A9}.Debug|Any CPU.Build.0 = Debug|Any CPU
		{917CB92D-1F51-908F-F422-B83910BC34A9}.Release|Any CPU.ActiveCfg = Release|Any CPU
		{917CB92D-1F51-908F-F422-B83910BC34A9}.Release|Any CPU.Build.0 = Release|Any CPU
		{C6E24541-0D0F-E0DB-69CC-7113393DF9EF}.Debug|Any CPU.ActiveCfg = Debug|Any CPU
		{C6E24541-0D0F-E0DB-69CC-7113393DF9EF}.Debug|Any CPU.Build.0 = Debug|Any CPU
		{C6E24541-0D0F-E0DB-69CC-7113393DF9EF}.Release|Any CPU.ActiveCfg = Release|Any CPU
		{C6E24541-0D0F-E0DB-69CC-7113393DF9EF}.Release|Any CPU.Build.0 = Release|Any CPU
		{1302FF90-2AB3-42E7-8363-97BBAE9CBA62}.Debug|Any CPU.ActiveCfg = Debug|Any CPU
		{1302FF90-2AB3-42E7-8363-97BBAE9CBA62}.Debug|Any CPU.Build.0 = Debug|Any CPU
		{1302FF90-2AB3-42E7-8363-97BBAE9CBA62}.Release|Any CPU.ActiveCfg = Release|Any CPU
		{1302FF90-2AB3-42E7-8363-97BBAE9CBA62}.Release|Any CPU.Build.0 = Release|Any CPU
		{D4EEA65C-0EA7-46E8-B619-F76A6887A653}.Debug|Any CPU.ActiveCfg = Debug|Any CPU
		{D4EEA65C-0EA7-46E8-B619-F76A6887A653}.Debug|Any CPU.Build.0 = Debug|Any CPU
		{D4EEA65C-0EA7-46E8-B619-F76A6887A653}.Release|Any CPU.ActiveCfg = Release|Any CPU
		{D4EEA65C-0EA7-46E8-B619-F76A6887A653}.Release|Any CPU.Build.0 = Release|Any CPU
		{9A8E63EC-34A9-46CC-90EB-2860F67BE4B3}.Debug|Any CPU.ActiveCfg = Debug|Any CPU
		{9A8E63EC-34A9-46CC-90EB-2860F67BE4B3}.Debug|Any CPU.Build.0 = Debug|Any CPU
		{9A8E63EC-34A9-46CC-90EB-2860F67BE4B3}.Release|Any CPU.ActiveCfg = Release|Any CPU
		{9A8E63EC-34A9-46CC-90EB-2860F67BE4B3}.Release|Any CPU.Build.0 = Release|Any CPU
	EndGlobalSection
	GlobalSection(SolutionProperties) = preSolution
		HideSolutionNode = FALSE
	EndGlobalSection
	GlobalSection(ExtensibilityGlobals) = postSolution
		SolutionGuid = {33D1ADB6-0209-47DB-8F1A-9E6FCDE69DB1}
	EndGlobalSection
EndGlobal
